
Microsoft Visual Studio Solution File, Format Version 12.00
# Visual Studio Version 16
VisualStudioVersion = 16.0.30717.126
MinimumVisualStudioVersion = 10.0.40219.1
Project("{FAE04EC0-301F-11D3-BF4B-00C04F79EFBC}") = "lab6", "lab6\lab6.csproj", "{B272574B-6EF4-4A74-ADF2-F371492268BD}"
EndProject
Global
	GlobalSection(SolutionConfigurationPlatforms) = preSolution
		Debug|Any CPU = Debug|Any CPU
		Release|Any CPU = Release|Any CPU
	EndGlobalSection
	GlobalSection(ProjectConfigurationPlatforms) = postSolution
		{B272574B-6EF4-4A74-ADF2-F371492268BD}.Debug|Any CPU.ActiveCfg = Debug|Any CPU
		{B272574B-6EF4-4A74-ADF2-F371492268BD}.Debug|Any CPU.Build.0 = Debug|Any CPU
		{B272574B-6EF4-4A74-ADF2-F371492268BD}.Release|Any CPU.ActiveCfg = Release|Any CPU
		{B272574B-6EF4-4A74-ADF2-F371492268BD}.Release|Any CPU.Build.0 = Release|Any CPU
	EndGlobalSection
	GlobalSection(SolutionProperties) = preSolution
		HideSolutionNode = FALSE
	EndGlobalSection
	GlobalSection(ExtensibilityGlobals) = postSolution
		SolutionGuid = {872432D4-95B6-4025-8A25-8D927A4B025C}
	EndGlobalSection
EndGlobal
